
Microsoft Visual Studio Solution File, Format Version 12.00
# Visual Studio 2012
Project("{2150E333-8FDC-42A3-9474-1A3956D46DE8}") = "FrameWork", "FrameWork", "{E08B6C01-721F-47CC-A936-30E2972C7895}"
EndProject
Project("{2150E333-8FDC-42A3-9474-1A3956D46DE8}") = "SystemPlugins", "SystemPlugins", "{9F897C3B-E34A-43F9-972E-1DE4BBE833AA}"
EndProject
Project("{2150E333-8FDC-42A3-9474-1A3956D46DE8}") = "Plugins", "Plugins", "{16B6FEB5-77C9-4BAD-93AD-4CD04B6C17F7}"
EndProject
Project("{FAE04EC0-301F-11D3-BF4B-00C04F79EFBC}") = "Victop.Frame.Adapter", "Victop.Frame.Adapter\Victop.Frame.Adapter.csproj", "{4235F059-B672-42F6-889C-54E6EE9BAC53}"
EndProject
Project("{FAE04EC0-301F-11D3-BF4B-00C04F79EFBC}") = "Victop.Frame.ComLink", "Victop.Frame.ComLink\Victop.Frame.ComLink.csproj", "{3483831F-C536-4D34-8265-43DD7CFB8F9E}"
EndProject
Project("{FAE04EC0-301F-11D3-BF4B-00C04F79EFBC}") = "Victop.Frame.Connection", "Victop.Frame.Connection\Victop.Frame.Connection.csproj", "{4984CA45-9D16-4704-BDE4-C36CBE0E3104}"
EndProject
Project("{FAE04EC0-301F-11D3-BF4B-00C04F79EFBC}") = "Victop.Frame.CoreLibrary", "Victop.Frame.CoreLibrary\Victop.Frame.CoreLibrary.csproj", "{9BF73423-7F54-4DE6-BFBB-E179BA454F0E}"
EndProject
Project("{FAE04EC0-301F-11D3-BF4B-00C04F79EFBC}") = "Victop.Frame.DataChannel", "Victop.Frame.DataChannel\Victop.Frame.DataChannel.csproj", "{AD1DEB10-B0B3-44FB-8214-5E1CBBCF9147}"
EndProject
Project("{FAE04EC0-301F-11D3-BF4B-00C04F79EFBC}") = "Victop.Frame.MessageManager", "Victop.Frame.MessageManager\Victop.Frame.MessageManager.csproj", "{E2066A80-E481-488D-A260-5C0AC9B7EFF0}"
EndProject
Project("{FAE04EC0-301F-11D3-BF4B-00C04F79EFBC}") = "Victop.Frame.PublicLib", "Victop.Frame.PublicLib\Victop.Frame.PublicLib.csproj", "{90C4D04F-F952-4C63-8A69-0C9D12E050FB}"
EndProject
Project("{FAE04EC0-301F-11D3-BF4B-00C04F79EFBC}") = "Victop.Frame.ServerManagerCenter", "Victop.Frame.ServerManagerCenter\Victop.Frame.ServerManagerCenter.csproj", "{0887043C-772E-4332-AF28-77FE847AB515}"
EndProject
Project("{FAE04EC0-301F-11D3-BF4B-00C04F79EFBC}") = "VictopPartner", "VictopPartner\VictopPartner.csproj", "{332943C0-716F-47B0-800D-A38CCA0DAA74}"
EndProject
Project("{FAE04EC0-301F-11D3-BF4B-00C04F79EFBC}") = "Victop.Frame.StandaloneAdapter", "Victop.Frame.StandaloneAdapter\Victop.Frame.StandaloneAdapter.csproj", "{18B49FFA-D5B5-424A-BA1A-47563DAEE75F}"
EndProject
Project("{FAE04EC0-301F-11D3-BF4B-00C04F79EFBC}") = "Victop.Server.Controls", "Victop.Server.Controls\Victop.Server.Controls.csproj", "{D609F0A2-27E1-4855-A5B6-942E580D0D8A}"
EndProject
Project("{FAE04EC0-301F-11D3-BF4B-00C04F79EFBC}") = "PortalFramePlugin", "PortalFramePlugin\PortalFramePlugin.csproj", "{304475FA-5179-4EC7-8552-8658AAB327F0}"
EndProject
Project("{FAE04EC0-301F-11D3-BF4B-00C04F79EFBC}") = "UserLoginPlugin", "UserLoginPlugin\UserLoginPlugin.csproj", "{371C66CE-D063-429C-81C6-287EFB93FB7A}"
EndProject
Project("{2150E333-8FDC-42A3-9474-1A3956D46DE8}") = "SystemServices", "SystemServices", "{64ACB22B-54AA-431C-A4D9-5A0DC0BF0759}"
EndProject
Project("{FAE04EC0-301F-11D3-BF4B-00C04F79EFBC}") = "SystemThemeManagerService", "SystemThemeManagerService\SystemThemeManagerService.csproj", "{536B47C8-67B7-43D7-97E5-DB45B55A23F0}"
EndProject
Project("{FAE04EC0-301F-11D3-BF4B-00C04F79EFBC}") = "ThemeManagerPlugin", "ThemeManagerPlugin\ThemeManagerPlugin.csproj", "{221FD0B2-0AFF-4433-BCA4-5A2654432B6E}"
EndProject
Project("{FAE04EC0-301F-11D3-BF4B-00C04F79EFBC}") = "SystemTestingPlugin", "SystemTestingPlugin\SystemTestingPlugin.csproj", "{ED4978F3-3E53-42D9-94D9-E053DA44475B}"
EndProject
Project("{FAE04EC0-301F-11D3-BF4B-00C04F79EFBC}") = "UpdateManagerService", "UpdateManagerService\UpdateManagerService.csproj", "{35072733-2AC6-4E7A-814F-AE142A997F22}"
EndProject
Project("{FAE04EC0-301F-11D3-BF4B-00C04F79EFBC}") = "Victop.Frame.SyncOperation", "Victop.Frame.SyncOperation\Victop.Frame.SyncOperation.csproj", "{D852F8B6-0FF8-4637-BDAA-9CD145D1AA65}"
EndProject
Project("{FAE04EC0-301F-11D3-BF4B-00C04F79EFBC}") = "DocumentManagerService", "DocumentManagerService\DocumentManagerService.csproj", "{2352CC85-8DC7-482E-B864-B96E1F7DC18C}"
EndProject
Project("{FAE04EC0-301F-11D3-BF4B-00C04F79EFBC}") = "UserManagerService", "UserManagerService\UserManagerService.csproj", "{EBAF8D96-74A8-4D05-A2AA-C9F420DA6D0A}"
EndProject
Project("{2150E333-8FDC-42A3-9474-1A3956D46DE8}") = "Application", "Application", "{961360E6-BCB7-44D6-89DC-92250E45FD46}"
EndProject
Project("{FAE04EC0-301F-11D3-BF4B-00C04F79EFBC}") = "AutoUpdate", "AutoUpdate\AutoUpdate.csproj", "{7F35D01D-D57A-4A4F-911C-95E47120C004}"
EndProject
Project("{FAE04EC0-301F-11D3-BF4B-00C04F79EFBC}") = "Victop.Component.Runtime", "Victop.Component.Runtime\Victop.Component.Runtime.csproj", "{0DA7999A-5910-41A0-A515-41E871BA68F2}"
EndProject
Project("{FAE04EC0-301F-11D3-BF4B-00C04F79EFBC}") = "Victop.Frame.DataMessageManager", "Victop.Frame.DataMessageManager\Victop.Frame.DataMessageManager.csproj", "{D3EE684E-9600-460B-A3E3-39BF32180F9F}"
EndProject
Project("{FAE04EC0-301F-11D3-BF4B-00C04F79EFBC}") = "MetroFramePlugin", "MetroFramePlugin\MetroFramePlugin.csproj", "{FDEBE9AA-9313-441A-A640-ED3E2679E2FF}"
EndProject
Project("{FAE04EC0-301F-11D3-BF4B-00C04F79EFBC}") = "Victop.Frame.CommonBase", "Victop.Frame.CommonBase\Victop.Frame.CommonBase.csproj", "{88929E7B-9840-4994-A8C9-2BED3F8B9A93}"
EndProject
Project("{FAE04EC0-301F-11D3-BF4B-00C04F79EFBC}") = "MetroUserLoginPlugin", "MetroUserLoginPlugin\MetroUserLoginPlugin.csproj", "{E10C4259-904D-4D76-84A6-CED929034965}"
EndProject
Global
	GlobalSection(SolutionConfigurationPlatforms) = preSolution
		Debug|Any CPU = Debug|Any CPU
		Debug|Mixed Platforms = Debug|Mixed Platforms
		Debug|x64 = Debug|x64
		Debug|x86 = Debug|x86
		Release|Any CPU = Release|Any CPU
		Release|Mixed Platforms = Release|Mixed Platforms
		Release|x64 = Release|x64
		Release|x86 = Release|x86
	EndGlobalSection
	GlobalSection(ProjectConfigurationPlatforms) = postSolution
		{4235F059-B672-42F6-889C-54E6EE9BAC53}.Debug|Any CPU.ActiveCfg = Debug|Any CPU
		{4235F059-B672-42F6-889C-54E6EE9BAC53}.Debug|Any CPU.Build.0 = Debug|Any CPU
		{4235F059-B672-42F6-889C-54E6EE9BAC53}.Debug|Mixed Platforms.ActiveCfg = Debug|x86
		{4235F059-B672-42F6-889C-54E6EE9BAC53}.Debug|Mixed Platforms.Build.0 = Debug|x86
		{4235F059-B672-42F6-889C-54E6EE9BAC53}.Debug|x64.ActiveCfg = Debug|Any CPU
		{4235F059-B672-42F6-889C-54E6EE9BAC53}.Debug|x86.ActiveCfg = Debug|x86
		{4235F059-B672-42F6-889C-54E6EE9BAC53}.Debug|x86.Build.0 = Debug|x86
		{4235F059-B672-42F6-889C-54E6EE9BAC53}.Release|Any CPU.ActiveCfg = Release|Any CPU
		{4235F059-B672-42F6-889C-54E6EE9BAC53}.Release|Any CPU.Build.0 = Release|Any CPU
		{4235F059-B672-42F6-889C-54E6EE9BAC53}.Release|Mixed Platforms.ActiveCfg = Release|x86
		{4235F059-B672-42F6-889C-54E6EE9BAC53}.Release|Mixed Platforms.Build.0 = Release|x86
		{4235F059-B672-42F6-889C-54E6EE9BAC53}.Release|x64.ActiveCfg = Release|Any CPU
		{4235F059-B672-42F6-889C-54E6EE9BAC53}.Release|x86.ActiveCfg = Release|x86
		{4235F059-B672-42F6-889C-54E6EE9BAC53}.Release|x86.Build.0 = Release|x86
		{3483831F-C536-4D34-8265-43DD7CFB8F9E}.Debug|Any CPU.ActiveCfg = Debug|Any CPU
		{3483831F-C536-4D34-8265-43DD7CFB8F9E}.Debug|Any CPU.Build.0 = Debug|Any CPU
		{3483831F-C536-4D34-8265-43DD7CFB8F9E}.Debug|Mixed Platforms.ActiveCfg = Debug|x86
		{3483831F-C536-4D34-8265-43DD7CFB8F9E}.Debug|Mixed Platforms.Build.0 = Debug|x86
		{3483831F-C536-4D34-8265-43DD7CFB8F9E}.Debug|x64.ActiveCfg = Debug|Any CPU
		{3483831F-C536-4D34-8265-43DD7CFB8F9E}.Debug|x86.ActiveCfg = Debug|x86
		{3483831F-C536-4D34-8265-43DD7CFB8F9E}.Debug|x86.Build.0 = Debug|x86
		{3483831F-C536-4D34-8265-43DD7CFB8F9E}.Release|Any CPU.ActiveCfg = Release|Any CPU
		{3483831F-C536-4D34-8265-43DD7CFB8F9E}.Release|Any CPU.Build.0 = Release|Any CPU
		{3483831F-C536-4D34-8265-43DD7CFB8F9E}.Release|Mixed Platforms.ActiveCfg = Release|x86
		{3483831F-C536-4D34-8265-43DD7CFB8F9E}.Release|Mixed Platforms.Build.0 = Release|x86
		{3483831F-C536-4D34-8265-43DD7CFB8F9E}.Release|x64.ActiveCfg = Release|Any CPU
		{3483831F-C536-4D34-8265-43DD7CFB8F9E}.Release|x86.ActiveCfg = Release|x86
		{3483831F-C536-4D34-8265-43DD7CFB8F9E}.Release|x86.Build.0 = Release|x86
		{4984CA45-9D16-4704-BDE4-C36CBE0E3104}.Debug|Any CPU.ActiveCfg = Debug|Any CPU
		{4984CA45-9D16-4704-BDE4-C36CBE0E3104}.Debug|Any CPU.Build.0 = Debug|Any CPU
		{4984CA45-9D16-4704-BDE4-C36CBE0E3104}.Debug|Mixed Platforms.ActiveCfg = Debug|x86
		{4984CA45-9D16-4704-BDE4-C36CBE0E3104}.Debug|Mixed Platforms.Build.0 = Debug|x86
		{4984CA45-9D16-4704-BDE4-C36CBE0E3104}.Debug|x64.ActiveCfg = Debug|Any CPU
		{4984CA45-9D16-4704-BDE4-C36CBE0E3104}.Debug|x86.ActiveCfg = Debug|x86
		{4984CA45-9D16-4704-BDE4-C36CBE0E3104}.Debug|x86.Build.0 = Debug|x86
		{4984CA45-9D16-4704-BDE4-C36CBE0E3104}.Release|Any CPU.ActiveCfg = Release|Any CPU
		{4984CA45-9D16-4704-BDE4-C36CBE0E3104}.Release|Any CPU.Build.0 = Release|Any CPU
		{4984CA45-9D16-4704-BDE4-C36CBE0E3104}.Release|Mixed Platforms.ActiveCfg = Release|x86
		{4984CA45-9D16-4704-BDE4-C36CBE0E3104}.Release|Mixed Platforms.Build.0 = Release|x86
		{4984CA45-9D16-4704-BDE4-C36CBE0E3104}.Release|x64.ActiveCfg = Release|Any CPU
		{4984CA45-9D16-4704-BDE4-C36CBE0E3104}.Release|x86.ActiveCfg = Release|x86
		{4984CA45-9D16-4704-BDE4-C36CBE0E3104}.Release|x86.Build.0 = Release|x86
		{9BF73423-7F54-4DE6-BFBB-E179BA454F0E}.Debug|Any CPU.ActiveCfg = Debug|Any CPU
		{9BF73423-7F54-4DE6-BFBB-E179BA454F0E}.Debug|Any CPU.Build.0 = Debug|Any CPU
		{9BF73423-7F54-4DE6-BFBB-E179BA454F0E}.Debug|Mixed Platforms.ActiveCfg = Debug|x86
		{9BF73423-7F54-4DE6-BFBB-E179BA454F0E}.Debug|Mixed Platforms.Build.0 = Debug|x86
		{9BF73423-7F54-4DE6-BFBB-E179BA454F0E}.Debug|x64.ActiveCfg = Debug|Any CPU
		{9BF73423-7F54-4DE6-BFBB-E179BA454F0E}.Debug|x86.ActiveCfg = Debug|x86
		{9BF73423-7F54-4DE6-BFBB-E179BA454F0E}.Debug|x86.Build.0 = Debug|x86
		{9BF73423-7F54-4DE6-BFBB-E179BA454F0E}.Release|Any CPU.ActiveCfg = Release|Any CPU
		{9BF73423-7F54-4DE6-BFBB-E179BA454F0E}.Release|Any CPU.Build.0 = Release|Any CPU
		{9BF73423-7F54-4DE6-BFBB-E179BA454F0E}.Release|Mixed Platforms.ActiveCfg = Release|x86
		{9BF73423-7F54-4DE6-BFBB-E179BA454F0E}.Release|Mixed Platforms.Build.0 = Release|x86
		{9BF73423-7F54-4DE6-BFBB-E179BA454F0E}.Release|x64.ActiveCfg = Release|Any CPU
		{9BF73423-7F54-4DE6-BFBB-E179BA454F0E}.Release|x86.ActiveCfg = Release|x86
		{9BF73423-7F54-4DE6-BFBB-E179BA454F0E}.Release|x86.Build.0 = Release|x86
		{AD1DEB10-B0B3-44FB-8214-5E1CBBCF9147}.Debug|Any CPU.ActiveCfg = Debug|Any CPU
		{AD1DEB10-B0B3-44FB-8214-5E1CBBCF9147}.Debug|Any CPU.Build.0 = Debug|Any CPU
		{AD1DEB10-B0B3-44FB-8214-5E1CBBCF9147}.Debug|Mixed Platforms.ActiveCfg = Debug|x86
		{AD1DEB10-B0B3-44FB-8214-5E1CBBCF9147}.Debug|Mixed Platforms.Build.0 = Debug|x86
		{AD1DEB10-B0B3-44FB-8214-5E1CBBCF9147}.Debug|x64.ActiveCfg = Debug|Any CPU
		{AD1DEB10-B0B3-44FB-8214-5E1CBBCF9147}.Debug|x86.ActiveCfg = Debug|x86
		{AD1DEB10-B0B3-44FB-8214-5E1CBBCF9147}.Debug|x86.Build.0 = Debug|x86
		{AD1DEB10-B0B3-44FB-8214-5E1CBBCF9147}.Release|Any CPU.ActiveCfg = Release|Any CPU
		{AD1DEB10-B0B3-44FB-8214-5E1CBBCF9147}.Release|Any CPU.Build.0 = Release|Any CPU
		{AD1DEB10-B0B3-44FB-8214-5E1CBBCF9147}.Release|Mixed Platforms.ActiveCfg = Release|x86
		{AD1DEB10-B0B3-44FB-8214-5E1CBBCF9147}.Release|Mixed Platforms.Build.0 = Release|x86
		{AD1DEB10-B0B3-44FB-8214-5E1CBBCF9147}.Release|x64.ActiveCfg = Release|Any CPU
		{AD1DEB10-B0B3-44FB-8214-5E1CBBCF9147}.Release|x86.ActiveCfg = Release|x86
		{AD1DEB10-B0B3-44FB-8214-5E1CBBCF9147}.Release|x86.Build.0 = Release|x86
		{E2066A80-E481-488D-A260-5C0AC9B7EFF0}.Debug|Any CPU.ActiveCfg = Debug|Any CPU
		{E2066A80-E481-488D-A260-5C0AC9B7EFF0}.Debug|Any CPU.Build.0 = Debug|Any CPU
		{E2066A80-E481-488D-A260-5C0AC9B7EFF0}.Debug|Mixed Platforms.ActiveCfg = Debug|x86
		{E2066A80-E481-488D-A260-5C0AC9B7EFF0}.Debug|Mixed Platforms.Build.0 = Debug|x86
		{E2066A80-E481-488D-A260-5C0AC9B7EFF0}.Debug|x64.ActiveCfg = Debug|Any CPU
		{E2066A80-E481-488D-A260-5C0AC9B7EFF0}.Debug|x86.ActiveCfg = Debug|x86
		{E2066A80-E481-488D-A260-5C0AC9B7EFF0}.Debug|x86.Build.0 = Debug|x86
		{E2066A80-E481-488D-A260-5C0AC9B7EFF0}.Release|Any CPU.ActiveCfg = Release|Any CPU
		{E2066A80-E481-488D-A260-5C0AC9B7EFF0}.Release|Any CPU.Build.0 = Release|Any CPU
		{E2066A80-E481-488D-A260-5C0AC9B7EFF0}.Release|Mixed Platforms.ActiveCfg = Release|x86
		{E2066A80-E481-488D-A260-5C0AC9B7EFF0}.Release|Mixed Platforms.Build.0 = Release|x86
		{E2066A80-E481-488D-A260-5C0AC9B7EFF0}.Release|x64.ActiveCfg = Release|Any CPU
		{E2066A80-E481-488D-A260-5C0AC9B7EFF0}.Release|x86.ActiveCfg = Release|x86
		{E2066A80-E481-488D-A260-5C0AC9B7EFF0}.Release|x86.Build.0 = Release|x86
		{90C4D04F-F952-4C63-8A69-0C9D12E050FB}.Debug|Any CPU.ActiveCfg = Debug|Any CPU
		{90C4D04F-F952-4C63-8A69-0C9D12E050FB}.Debug|Any CPU.Build.0 = Debug|Any CPU
		{90C4D04F-F952-4C63-8A69-0C9D12E050FB}.Debug|Mixed Platforms.ActiveCfg = Debug|x86
		{90C4D04F-F952-4C63-8A69-0C9D12E050FB}.Debug|Mixed Platforms.Build.0 = Debug|x86
		{90C4D04F-F952-4C63-8A69-0C9D12E050FB}.Debug|x64.ActiveCfg = Debug|Any CPU
		{90C4D04F-F952-4C63-8A69-0C9D12E050FB}.Debug|x86.ActiveCfg = Debug|x86
		{90C4D04F-F952-4C63-8A69-0C9D12E050FB}.Debug|x86.Build.0 = Debug|x86
		{90C4D04F-F952-4C63-8A69-0C9D12E050FB}.Release|Any CPU.ActiveCfg = Release|Any CPU
		{90C4D04F-F952-4C63-8A69-0C9D12E050FB}.Release|Any CPU.Build.0 = Release|Any CPU
		{90C4D04F-F952-4C63-8A69-0C9D12E050FB}.Release|Mixed Platforms.ActiveCfg = Release|x86
		{90C4D04F-F952-4C63-8A69-0C9D12E050FB}.Release|Mixed Platforms.Build.0 = Release|x86
		{90C4D04F-F952-4C63-8A69-0C9D12E050FB}.Release|x64.ActiveCfg = Release|Any CPU
		{90C4D04F-F952-4C63-8A69-0C9D12E050FB}.Release|x86.ActiveCfg = Release|x86
		{90C4D04F-F952-4C63-8A69-0C9D12E050FB}.Release|x86.Build.0 = Release|x86
		{0887043C-772E-4332-AF28-77FE847AB515}.Debug|Any CPU.ActiveCfg = Debug|Any CPU
		{0887043C-772E-4332-AF28-77FE847AB515}.Debug|Any CPU.Build.0 = Debug|Any CPU
		{0887043C-772E-4332-AF28-77FE847AB515}.Debug|Mixed Platforms.ActiveCfg = Debug|x86
		{0887043C-772E-4332-AF28-77FE847AB515}.Debug|Mixed Platforms.Build.0 = Debug|x86
		{0887043C-772E-4332-AF28-77FE847AB515}.Debug|x64.ActiveCfg = Debug|Any CPU
		{0887043C-772E-4332-AF28-77FE847AB515}.Debug|x86.ActiveCfg = Debug|x86
		{0887043C-772E-4332-AF28-77FE847AB515}.Debug|x86.Build.0 = Debug|x86
		{0887043C-772E-4332-AF28-77FE847AB515}.Release|Any CPU.ActiveCfg = Release|Any CPU
		{0887043C-772E-4332-AF28-77FE847AB515}.Release|Any CPU.Build.0 = Release|Any CPU
		{0887043C-772E-4332-AF28-77FE847AB515}.Release|Mixed Platforms.ActiveCfg = Release|x86
		{0887043C-772E-4332-AF28-77FE847AB515}.Release|Mixed Platforms.Build.0 = Release|x86
		{0887043C-772E-4332-AF28-77FE847AB515}.Release|x64.ActiveCfg = Release|Any CPU
		{0887043C-772E-4332-AF28-77FE847AB515}.Release|x86.ActiveCfg = Release|x86
		{0887043C-772E-4332-AF28-77FE847AB515}.Release|x86.Build.0 = Release|x86
		{332943C0-716F-47B0-800D-A38CCA0DAA74}.Debug|Any CPU.ActiveCfg = Debug|Any CPU
		{332943C0-716F-47B0-800D-A38CCA0DAA74}.Debug|Any CPU.Build.0 = Debug|Any CPU
		{332943C0-716F-47B0-800D-A38CCA0DAA74}.Debug|Mixed Platforms.ActiveCfg = Debug|x86
		{332943C0-716F-47B0-800D-A38CCA0DAA74}.Debug|Mixed Platforms.Build.0 = Debug|x86
		{332943C0-716F-47B0-800D-A38CCA0DAA74}.Debug|x64.ActiveCfg = Debug|Any CPU
		{332943C0-716F-47B0-800D-A38CCA0DAA74}.Debug|x86.ActiveCfg = Debug|x86
		{332943C0-716F-47B0-800D-A38CCA0DAA74}.Debug|x86.Build.0 = Debug|x86
		{332943C0-716F-47B0-800D-A38CCA0DAA74}.Release|Any CPU.ActiveCfg = Release|Any CPU
		{332943C0-716F-47B0-800D-A38CCA0DAA74}.Release|Any CPU.Build.0 = Release|Any CPU
		{332943C0-716F-47B0-800D-A38CCA0DAA74}.Release|Mixed Platforms.ActiveCfg = Release|x86
		{332943C0-716F-47B0-800D-A38CCA0DAA74}.Release|Mixed Platforms.Build.0 = Release|x86
		{332943C0-716F-47B0-800D-A38CCA0DAA74}.Release|x64.ActiveCfg = Release|Any CPU
		{332943C0-716F-47B0-800D-A38CCA0DAA74}.Release|x86.ActiveCfg = Release|x86
		{332943C0-716F-47B0-800D-A38CCA0DAA74}.Release|x86.Build.0 = Release|x86
		{18B49FFA-D5B5-424A-BA1A-47563DAEE75F}.Debug|Any CPU.ActiveCfg = Debug|Any CPU
		{18B49FFA-D5B5-424A-BA1A-47563DAEE75F}.Debug|Any CPU.Build.0 = Debug|Any CPU
		{18B49FFA-D5B5-424A-BA1A-47563DAEE75F}.Debug|Mixed Platforms.ActiveCfg = Debug|x86
		{18B49FFA-D5B5-424A-BA1A-47563DAEE75F}.Debug|Mixed Platforms.Build.0 = Debug|x86
		{18B49FFA-D5B5-424A-BA1A-47563DAEE75F}.Debug|x64.ActiveCfg = Debug|Any CPU
		{18B49FFA-D5B5-424A-BA1A-47563DAEE75F}.Debug|x86.ActiveCfg = Debug|x86
		{18B49FFA-D5B5-424A-BA1A-47563DAEE75F}.Debug|x86.Build.0 = Debug|x86
		{18B49FFA-D5B5-424A-BA1A-47563DAEE75F}.Release|Any CPU.ActiveCfg = Release|Any CPU
		{18B49FFA-D5B5-424A-BA1A-47563DAEE75F}.Release|Any CPU.Build.0 = Release|Any CPU
		{18B49FFA-D5B5-424A-BA1A-47563DAEE75F}.Release|Mixed Platforms.ActiveCfg = Release|Any CPU
		{18B49FFA-D5B5-424A-BA1A-47563DAEE75F}.Release|Mixed Platforms.Build.0 = Release|Any CPU
		{18B49FFA-D5B5-424A-BA1A-47563DAEE75F}.Release|x64.ActiveCfg = Release|Any CPU
		{18B49FFA-D5B5-424A-BA1A-47563DAEE75F}.Release|x86.ActiveCfg = Release|Any CPU
		{D609F0A2-27E1-4855-A5B6-942E580D0D8A}.Debug|Any CPU.ActiveCfg = Debug|Any CPU
		{D609F0A2-27E1-4855-A5B6-942E580D0D8A}.Debug|Any CPU.Build.0 = Debug|Any CPU
		{D609F0A2-27E1-4855-A5B6-942E580D0D8A}.Debug|Mixed Platforms.ActiveCfg = Debug|x86
		{D609F0A2-27E1-4855-A5B6-942E580D0D8A}.Debug|Mixed Platforms.Build.0 = Debug|x86
		{D609F0A2-27E1-4855-A5B6-942E580D0D8A}.Debug|x64.ActiveCfg = Debug|Any CPU
		{D609F0A2-27E1-4855-A5B6-942E580D0D8A}.Debug|x86.ActiveCfg = Debug|x86
		{D609F0A2-27E1-4855-A5B6-942E580D0D8A}.Debug|x86.Build.0 = Debug|x86
		{D609F0A2-27E1-4855-A5B6-942E580D0D8A}.Release|Any CPU.ActiveCfg = Release|Any CPU
		{D609F0A2-27E1-4855-A5B6-942E580D0D8A}.Release|Any CPU.Build.0 = Release|Any CPU
		{D609F0A2-27E1-4855-A5B6-942E580D0D8A}.Release|Mixed Platforms.ActiveCfg = Release|Any CPU
		{D609F0A2-27E1-4855-A5B6-942E580D0D8A}.Release|Mixed Platforms.Build.0 = Release|Any CPU
		{D609F0A2-27E1-4855-A5B6-942E580D0D8A}.Release|x64.ActiveCfg = Release|Any CPU
		{D609F0A2-27E1-4855-A5B6-942E580D0D8A}.Release|x86.ActiveCfg = Release|Any CPU
		{304475FA-5179-4EC7-8552-8658AAB327F0}.Debug|Any CPU.ActiveCfg = Debug|Any CPU
		{304475FA-5179-4EC7-8552-8658AAB327F0}.Debug|Any CPU.Build.0 = Debug|Any CPU
		{304475FA-5179-4EC7-8552-8658AAB327F0}.Debug|Mixed Platforms.ActiveCfg = Debug|x86
		{304475FA-5179-4EC7-8552-8658AAB327F0}.Debug|Mixed Platforms.Build.0 = Debug|x86
		{304475FA-5179-4EC7-8552-8658AAB327F0}.Debug|x64.ActiveCfg = Debug|Any CPU
		{304475FA-5179-4EC7-8552-8658AAB327F0}.Debug|x86.ActiveCfg = Debug|x86
		{304475FA-5179-4EC7-8552-8658AAB327F0}.Debug|x86.Build.0 = Debug|x86
		{304475FA-5179-4EC7-8552-8658AAB327F0}.Release|Any CPU.ActiveCfg = Release|Any CPU
		{304475FA-5179-4EC7-8552-8658AAB327F0}.Release|Any CPU.Build.0 = Release|Any CPU
		{304475FA-5179-4EC7-8552-8658AAB327F0}.Release|Mixed Platforms.ActiveCfg = Release|Any CPU
		{304475FA-5179-4EC7-8552-8658AAB327F0}.Release|Mixed Platforms.Build.0 = Release|Any CPU
		{304475FA-5179-4EC7-8552-8658AAB327F0}.Release|x64.ActiveCfg = Release|Any CPU
		{304475FA-5179-4EC7-8552-8658AAB327F0}.Release|x86.ActiveCfg = Release|Any CPU
		{371C66CE-D063-429C-81C6-287EFB93FB7A}.Debug|Any CPU.ActiveCfg = Debug|Any CPU
		{371C66CE-D063-429C-81C6-287EFB93FB7A}.Debug|Any CPU.Build.0 = Debug|Any CPU
		{371C66CE-D063-429C-81C6-287EFB93FB7A}.Debug|Mixed Platforms.ActiveCfg = Debug|x86
		{371C66CE-D063-429C-81C6-287EFB93FB7A}.Debug|Mixed Platforms.Build.0 = Debug|x86
		{371C66CE-D063-429C-81C6-287EFB93FB7A}.Debug|x64.ActiveCfg = Debug|Any CPU
		{371C66CE-D063-429C-81C6-287EFB93FB7A}.Debug|x86.ActiveCfg = Debug|x86
		{371C66CE-D063-429C-81C6-287EFB93FB7A}.Debug|x86.Build.0 = Debug|x86
		{371C66CE-D063-429C-81C6-287EFB93FB7A}.Release|Any CPU.ActiveCfg = Release|Any CPU
		{371C66CE-D063-429C-81C6-287EFB93FB7A}.Release|Any CPU.Build.0 = Release|Any CPU
		{371C66CE-D063-429C-81C6-287EFB93FB7A}.Release|Mixed Platforms.ActiveCfg = Release|Any CPU
		{371C66CE-D063-429C-81C6-287EFB93FB7A}.Release|Mixed Platforms.Build.0 = Release|Any CPU
		{371C66CE-D063-429C-81C6-287EFB93FB7A}.Release|x64.ActiveCfg = Release|Any CPU
		{371C66CE-D063-429C-81C6-287EFB93FB7A}.Release|x86.ActiveCfg = Release|Any CPU
		{536B47C8-67B7-43D7-97E5-DB45B55A23F0}.Debug|Any CPU.ActiveCfg = Debug|Any CPU
		{536B47C8-67B7-43D7-97E5-DB45B55A23F0}.Debug|Any CPU.Build.0 = Debug|Any CPU
		{536B47C8-67B7-43D7-97E5-DB45B55A23F0}.Debug|Mixed Platforms.ActiveCfg = Debug|x86
		{536B47C8-67B7-43D7-97E5-DB45B55A23F0}.Debug|Mixed Platforms.Build.0 = Debug|x86
		{536B47C8-67B7-43D7-97E5-DB45B55A23F0}.Debug|x64.ActiveCfg = Debug|Any CPU
		{536B47C8-67B7-43D7-97E5-DB45B55A23F0}.Debug|x86.ActiveCfg = Debug|x86
		{536B47C8-67B7-43D7-97E5-DB45B55A23F0}.Debug|x86.Build.0 = Debug|x86
		{536B47C8-67B7-43D7-97E5-DB45B55A23F0}.Release|Any CPU.ActiveCfg = Release|Any CPU
		{536B47C8-67B7-43D7-97E5-DB45B55A23F0}.Release|Any CPU.Build.0 = Release|Any CPU
		{536B47C8-67B7-43D7-97E5-DB45B55A23F0}.Release|Mixed Platforms.ActiveCfg = Release|Any CPU
		{536B47C8-67B7-43D7-97E5-DB45B55A23F0}.Release|Mixed Platforms.Build.0 = Release|Any CPU
		{536B47C8-67B7-43D7-97E5-DB45B55A23F0}.Release|x64.ActiveCfg = Release|Any CPU
		{536B47C8-67B7-43D7-97E5-DB45B55A23F0}.Release|x86.ActiveCfg = Release|Any CPU
		{221FD0B2-0AFF-4433-BCA4-5A2654432B6E}.Debug|Any CPU.ActiveCfg = Debug|Any CPU
		{221FD0B2-0AFF-4433-BCA4-5A2654432B6E}.Debug|Any CPU.Build.0 = Debug|Any CPU
		{221FD0B2-0AFF-4433-BCA4-5A2654432B6E}.Debug|Mixed Platforms.ActiveCfg = Debug|x86
		{221FD0B2-0AFF-4433-BCA4-5A2654432B6E}.Debug|Mixed Platforms.Build.0 = Debug|x86
		{221FD0B2-0AFF-4433-BCA4-5A2654432B6E}.Debug|x64.ActiveCfg = Debug|Any CPU
		{221FD0B2-0AFF-4433-BCA4-5A2654432B6E}.Debug|x86.ActiveCfg = Debug|x86
		{221FD0B2-0AFF-4433-BCA4-5A2654432B6E}.Debug|x86.Build.0 = Debug|x86
		{221FD0B2-0AFF-4433-BCA4-5A2654432B6E}.Release|Any CPU.ActiveCfg = Release|Any CPU
		{221FD0B2-0AFF-4433-BCA4-5A2654432B6E}.Release|Any CPU.Build.0 = Release|Any CPU
		{221FD0B2-0AFF-4433-BCA4-5A2654432B6E}.Release|Mixed Platforms.ActiveCfg = Release|Any CPU
		{221FD0B2-0AFF-4433-BCA4-5A2654432B6E}.Release|Mixed Platforms.Build.0 = Release|Any CPU
		{221FD0B2-0AFF-4433-BCA4-5A2654432B6E}.Release|x64.ActiveCfg = Release|Any CPU
		{221FD0B2-0AFF-4433-BCA4-5A2654432B6E}.Release|x86.ActiveCfg = Release|Any CPU
		{ED4978F3-3E53-42D9-94D9-E053DA44475B}.Debug|Any CPU.ActiveCfg = Debug|Any CPU
		{ED4978F3-3E53-42D9-94D9-E053DA44475B}.Debug|Any CPU.Build.0 = Debug|Any CPU
		{ED4978F3-3E53-42D9-94D9-E053DA44475B}.Debug|Mixed Platforms.ActiveCfg = Debug|x86
		{ED4978F3-3E53-42D9-94D9-E053DA44475B}.Debug|Mixed Platforms.Build.0 = Debug|x86
		{ED4978F3-3E53-42D9-94D9-E053DA44475B}.Debug|x64.ActiveCfg = Debug|Any CPU
		{ED4978F3-3E53-42D9-94D9-E053DA44475B}.Debug|x86.ActiveCfg = Debug|x86
		{ED4978F3-3E53-42D9-94D9-E053DA44475B}.Debug|x86.Build.0 = Debug|x86
		{ED4978F3-3E53-42D9-94D9-E053DA44475B}.Release|Any CPU.ActiveCfg = Release|Any CPU
		{ED4978F3-3E53-42D9-94D9-E053DA44475B}.Release|Any CPU.Build.0 = Release|Any CPU
		{ED4978F3-3E53-42D9-94D9-E053DA44475B}.Release|Mixed Platforms.ActiveCfg = Release|x86
		{ED4978F3-3E53-42D9-94D9-E053DA44475B}.Release|Mixed Platforms.Build.0 = Release|x86
		{ED4978F3-3E53-42D9-94D9-E053DA44475B}.Release|x64.ActiveCfg = Release|Any CPU
		{ED4978F3-3E53-42D9-94D9-E053DA44475B}.Release|x86.ActiveCfg = Release|x86
		{ED4978F3-3E53-42D9-94D9-E053DA44475B}.Release|x86.Build.0 = Release|x86
		{35072733-2AC6-4E7A-814F-AE142A997F22}.Debug|Any CPU.ActiveCfg = Debug|Any CPU
		{35072733-2AC6-4E7A-814F-AE142A997F22}.Debug|Any CPU.Build.0 = Debug|Any CPU
		{35072733-2AC6-4E7A-814F-AE142A997F22}.Debug|Mixed Platforms.ActiveCfg = Debug|x86
		{35072733-2AC6-4E7A-814F-AE142A997F22}.Debug|Mixed Platforms.Build.0 = Debug|x86
		{35072733-2AC6-4E7A-814F-AE142A997F22}.Debug|x64.ActiveCfg = Debug|Any CPU
		{35072733-2AC6-4E7A-814F-AE142A997F22}.Debug|x86.ActiveCfg = Debug|x86
		{35072733-2AC6-4E7A-814F-AE142A997F22}.Debug|x86.Build.0 = Debug|x86
		{35072733-2AC6-4E7A-814F-AE142A997F22}.Release|Any CPU.ActiveCfg = Release|Any CPU
		{35072733-2AC6-4E7A-814F-AE142A997F22}.Release|Any CPU.Build.0 = Release|Any CPU
		{35072733-2AC6-4E7A-814F-AE142A997F22}.Release|Mixed Platforms.ActiveCfg = Release|Any CPU
		{35072733-2AC6-4E7A-814F-AE142A997F22}.Release|Mixed Platforms.Build.0 = Release|Any CPU
		{35072733-2AC6-4E7A-814F-AE142A997F22}.Release|x64.ActiveCfg = Release|Any CPU
		{35072733-2AC6-4E7A-814F-AE142A997F22}.Release|x86.ActiveCfg = Release|Any CPU
		{D852F8B6-0FF8-4637-BDAA-9CD145D1AA65}.Debug|Any CPU.ActiveCfg = Debug|Any CPU
		{D852F8B6-0FF8-4637-BDAA-9CD145D1AA65}.Debug|Any CPU.Build.0 = Debug|Any CPU
		{D852F8B6-0FF8-4637-BDAA-9CD145D1AA65}.Debug|Mixed Platforms.ActiveCfg = Debug|x86
		{D852F8B6-0FF8-4637-BDAA-9CD145D1AA65}.Debug|Mixed Platforms.Build.0 = Debug|x86
		{D852F8B6-0FF8-4637-BDAA-9CD145D1AA65}.Debug|x64.ActiveCfg = Debug|Any CPU
		{D852F8B6-0FF8-4637-BDAA-9CD145D1AA65}.Debug|x86.ActiveCfg = Debug|x86
		{D852F8B6-0FF8-4637-BDAA-9CD145D1AA65}.Debug|x86.Build.0 = Debug|x86
		{D852F8B6-0FF8-4637-BDAA-9CD145D1AA65}.Release|Any CPU.ActiveCfg = Release|Any CPU
		{D852F8B6-0FF8-4637-BDAA-9CD145D1AA65}.Release|Any CPU.Build.0 = Release|Any CPU
		{D852F8B6-0FF8-4637-BDAA-9CD145D1AA65}.Release|Mixed Platforms.ActiveCfg = Release|Any CPU
		{D852F8B6-0FF8-4637-BDAA-9CD145D1AA65}.Release|Mixed Platforms.Build.0 = Release|Any CPU
		{D852F8B6-0FF8-4637-BDAA-9CD145D1AA65}.Release|x64.ActiveCfg = Release|Any CPU
		{D852F8B6-0FF8-4637-BDAA-9CD145D1AA65}.Release|x86.ActiveCfg = Release|Any CPU
		{2352CC85-8DC7-482E-B864-B96E1F7DC18C}.Debug|Any CPU.ActiveCfg = Debug|Any CPU
		{2352CC85-8DC7-482E-B864-B96E1F7DC18C}.Debug|Any CPU.Build.0 = Debug|Any CPU
		{2352CC85-8DC7-482E-B864-B96E1F7DC18C}.Debug|Mixed Platforms.ActiveCfg = Debug|x86
		{2352CC85-8DC7-482E-B864-B96E1F7DC18C}.Debug|Mixed Platforms.Build.0 = Debug|x86
		{2352CC85-8DC7-482E-B864-B96E1F7DC18C}.Debug|x64.ActiveCfg = Debug|Any CPU
		{2352CC85-8DC7-482E-B864-B96E1F7DC18C}.Debug|x86.ActiveCfg = Debug|x86
		{2352CC85-8DC7-482E-B864-B96E1F7DC18C}.Debug|x86.Build.0 = Debug|x86
		{2352CC85-8DC7-482E-B864-B96E1F7DC18C}.Release|Any CPU.ActiveCfg = Release|Any CPU
		{2352CC85-8DC7-482E-B864-B96E1F7DC18C}.Release|Any CPU.Build.0 = Release|Any CPU
		{2352CC85-8DC7-482E-B864-B96E1F7DC18C}.Release|Mixed Platforms.ActiveCfg = Release|Any CPU
		{2352CC85-8DC7-482E-B864-B96E1F7DC18C}.Release|Mixed Platforms.Build.0 = Release|Any CPU
		{2352CC85-8DC7-482E-B864-B96E1F7DC18C}.Release|x64.ActiveCfg = Release|Any CPU
		{2352CC85-8DC7-482E-B864-B96E1F7DC18C}.Release|x86.ActiveCfg = Release|Any CPU
		{EBAF8D96-74A8-4D05-A2AA-C9F420DA6D0A}.Debug|Any CPU.ActiveCfg = Debug|Any CPU
		{EBAF8D96-74A8-4D05-A2AA-C9F420DA6D0A}.Debug|Any CPU.Build.0 = Debug|Any CPU
		{EBAF8D96-74A8-4D05-A2AA-C9F420DA6D0A}.Debug|Mixed Platforms.ActiveCfg = Debug|x86
		{EBAF8D96-74A8-4D05-A2AA-C9F420DA6D0A}.Debug|Mixed Platforms.Build.0 = Debug|x86
		{EBAF8D96-74A8-4D05-A2AA-C9F420DA6D0A}.Debug|x64.ActiveCfg = Debug|Any CPU
		{EBAF8D96-74A8-4D05-A2AA-C9F420DA6D0A}.Debug|x86.ActiveCfg = Debug|x86
		{EBAF8D96-74A8-4D05-A2AA-C9F420DA6D0A}.Debug|x86.Build.0 = Debug|x86
		{EBAF8D96-74A8-4D05-A2AA-C9F420DA6D0A}.Release|Any CPU.ActiveCfg = Release|Any CPU
		{EBAF8D96-74A8-4D05-A2AA-C9F420DA6D0A}.Release|Any CPU.Build.0 = Release|Any CPU
		{EBAF8D96-74A8-4D05-A2AA-C9F420DA6D0A}.Release|Mixed Platforms.ActiveCfg = Release|Any CPU
		{EBAF8D96-74A8-4D05-A2AA-C9F420DA6D0A}.Release|Mixed Platforms.Build.0 = Release|Any CPU
		{EBAF8D96-74A8-4D05-A2AA-C9F420DA6D0A}.Release|x64.ActiveCfg = Release|Any CPU
		{EBAF8D96-74A8-4D05-A2AA-C9F420DA6D0A}.Release|x86.ActiveCfg = Release|Any CPU
		{7F35D01D-D57A-4A4F-911C-95E47120C004}.Debug|Any CPU.ActiveCfg = Debug|Any CPU
		{7F35D01D-D57A-4A4F-911C-95E47120C004}.Debug|Any CPU.Build.0 = Debug|Any CPU
		{7F35D01D-D57A-4A4F-911C-95E47120C004}.Debug|Mixed Platforms.ActiveCfg = Debug|Any CPU
		{7F35D01D-D57A-4A4F-911C-95E47120C004}.Debug|Mixed Platforms.Build.0 = Debug|Any CPU
		{7F35D01D-D57A-4A4F-911C-95E47120C004}.Debug|x64.ActiveCfg = Debug|Any CPU
		{7F35D01D-D57A-4A4F-911C-95E47120C004}.Debug|x86.ActiveCfg = Debug|x86
		{7F35D01D-D57A-4A4F-911C-95E47120C004}.Debug|x86.Build.0 = Debug|x86
		{7F35D01D-D57A-4A4F-911C-95E47120C004}.Release|Any CPU.ActiveCfg = Release|Any CPU
		{7F35D01D-D57A-4A4F-911C-95E47120C004}.Release|Any CPU.Build.0 = Release|Any CPU
		{7F35D01D-D57A-4A4F-911C-95E47120C004}.Release|Mixed Platforms.ActiveCfg = Release|Any CPU
		{7F35D01D-D57A-4A4F-911C-95E47120C004}.Release|Mixed Platforms.Build.0 = Release|Any CPU
		{7F35D01D-D57A-4A4F-911C-95E47120C004}.Release|x64.ActiveCfg = Release|Any CPU
		{7F35D01D-D57A-4A4F-911C-95E47120C004}.Release|x86.ActiveCfg = Release|Any CPU
		{0DA7999A-5910-41A0-A515-41E871BA68F2}.Debug|Any CPU.ActiveCfg = Debug|Any CPU
		{0DA7999A-5910-41A0-A515-41E871BA68F2}.Debug|Any CPU.Build.0 = Debug|Any CPU
		{0DA7999A-5910-41A0-A515-41E871BA68F2}.Debug|Mixed Platforms.ActiveCfg = Debug|Any CPU
		{0DA7999A-5910-41A0-A515-41E871BA68F2}.Debug|Mixed Platforms.Build.0 = Debug|Any CPU
		{0DA7999A-5910-41A0-A515-41E871BA68F2}.Debug|x64.ActiveCfg = Debug|Any CPU
		{0DA7999A-5910-41A0-A515-41E871BA68F2}.Debug|x86.ActiveCfg = Debug|x86
		{0DA7999A-5910-41A0-A515-41E871BA68F2}.Debug|x86.Build.0 = Debug|x86
		{0DA7999A-5910-41A0-A515-41E871BA68F2}.Release|Any CPU.ActiveCfg = Release|Any CPU
		{0DA7999A-5910-41A0-A515-41E871BA68F2}.Release|Any CPU.Build.0 = Release|Any CPU
		{0DA7999A-5910-41A0-A515-41E871BA68F2}.Release|Mixed Platforms.ActiveCfg = Release|Any CPU
		{0DA7999A-5910-41A0-A515-41E871BA68F2}.Release|Mixed Platforms.Build.0 = Release|Any CPU
		{0DA7999A-5910-41A0-A515-41E871BA68F2}.Release|x64.ActiveCfg = Release|Any CPU
		{0DA7999A-5910-41A0-A515-41E871BA68F2}.Release|x86.ActiveCfg = Release|Any CPU
		{D3EE684E-9600-460B-A3E3-39BF32180F9F}.Debug|Any CPU.ActiveCfg = Debug|Any CPU
		{D3EE684E-9600-460B-A3E3-39BF32180F9F}.Debug|Any CPU.Build.0 = Debug|Any CPU
		{D3EE684E-9600-460B-A3E3-39BF32180F9F}.Debug|Mixed Platforms.ActiveCfg = Debug|Any CPU
		{D3EE684E-9600-460B-A3E3-39BF32180F9F}.Debug|Mixed Platforms.Build.0 = Debug|Any CPU
		{D3EE684E-9600-460B-A3E3-39BF32180F9F}.Debug|x64.ActiveCfg = Debug|Any CPU
		{D3EE684E-9600-460B-A3E3-39BF32180F9F}.Debug|x86.ActiveCfg = Debug|x86
		{D3EE684E-9600-460B-A3E3-39BF32180F9F}.Debug|x86.Build.0 = Debug|x86
		{D3EE684E-9600-460B-A3E3-39BF32180F9F}.Release|Any CPU.ActiveCfg = Release|Any CPU
		{D3EE684E-9600-460B-A3E3-39BF32180F9F}.Release|Any CPU.Build.0 = Release|Any CPU
		{D3EE684E-9600-460B-A3E3-39BF32180F9F}.Release|Mixed Platforms.ActiveCfg = Release|Any CPU
		{D3EE684E-9600-460B-A3E3-39BF32180F9F}.Release|Mixed Platforms.Build.0 = Release|Any CPU
		{D3EE684E-9600-460B-A3E3-39BF32180F9F}.Release|x64.ActiveCfg = Release|Any CPU
		{D3EE684E-9600-460B-A3E3-39BF32180F9F}.Release|x86.ActiveCfg = Release|Any CPU
		{FDEBE9AA-9313-441A-A640-ED3E2679E2FF}.Debug|Any CPU.ActiveCfg = Debug|Any CPU
		{FDEBE9AA-9313-441A-A640-ED3E2679E2FF}.Debug|Any CPU.Build.0 = Debug|Any CPU
		{FDEBE9AA-9313-441A-A640-ED3E2679E2FF}.Debug|Mixed Platforms.ActiveCfg = Debug|Any CPU
		{FDEBE9AA-9313-441A-A640-ED3E2679E2FF}.Debug|Mixed Platforms.Build.0 = Debug|Any CPU
		{FDEBE9AA-9313-441A-A640-ED3E2679E2FF}.Debug|x64.ActiveCfg = Debug|x64
		{FDEBE9AA-9313-441A-A640-ED3E2679E2FF}.Debug|x64.Build.0 = Debug|x64
		{FDEBE9AA-9313-441A-A640-ED3E2679E2FF}.Debug|x86.ActiveCfg = Debug|x86
		{FDEBE9AA-9313-441A-A640-ED3E2679E2FF}.Debug|x86.Build.0 = Debug|x86
		{FDEBE9AA-9313-441A-A640-ED3E2679E2FF}.Debug|x86.Deploy.0 = Debug|x86
		{FDEBE9AA-9313-441A-A640-ED3E2679E2FF}.Release|Any CPU.ActiveCfg = Release|Any CPU
		{FDEBE9AA-9313-441A-A640-ED3E2679E2FF}.Release|Any CPU.Build.0 = Release|Any CPU
		{FDEBE9AA-9313-441A-A640-ED3E2679E2FF}.Release|Mixed Platforms.ActiveCfg = Release|Any CPU
		{FDEBE9AA-9313-441A-A640-ED3E2679E2FF}.Release|Mixed Platforms.Build.0 = Release|Any CPU
		{FDEBE9AA-9313-441A-A640-ED3E2679E2FF}.Release|x64.ActiveCfg = Release|x64
		{FDEBE9AA-9313-441A-A640-ED3E2679E2FF}.Release|x64.Build.0 = Release|x64
		{FDEBE9AA-9313-441A-A640-ED3E2679E2FF}.Release|x86.ActiveCfg = Release|Any CPU
		{88929E7B-9840-4994-A8C9-2BED3F8B9A93}.Debug|Any CPU.ActiveCfg = Debug|Any CPU
		{88929E7B-9840-4994-A8C9-2BED3F8B9A93}.Debug|Any CPU.Build.0 = Debug|Any CPU
		{88929E7B-9840-4994-A8C9-2BED3F8B9A93}.Debug|Mixed Platforms.ActiveCfg = Debug|Any CPU
		{88929E7B-9840-4994-A8C9-2BED3F8B9A93}.Debug|Mixed Platforms.Build.0 = Debug|Any CPU
		{88929E7B-9840-4994-A8C9-2BED3F8B9A93}.Debug|x64.ActiveCfg = Debug|Any CPU
		{88929E7B-9840-4994-A8C9-2BED3F8B9A93}.Debug|x86.ActiveCfg = Debug|x86
		{88929E7B-9840-4994-A8C9-2BED3F8B9A93}.Debug|x86.Build.0 = Debug|x86
		{88929E7B-9840-4994-A8C9-2BED3F8B9A93}.Release|Any CPU.ActiveCfg = Release|Any CPU
		{88929E7B-9840-4994-A8C9-2BED3F8B9A93}.Release|Any CPU.Build.0 = Release|Any CPU
		{88929E7B-9840-4994-A8C9-2BED3F8B9A93}.Release|Mixed Platforms.ActiveCfg = Release|Any CPU
		{88929E7B-9840-4994-A8C9-2BED3F8B9A93}.Release|Mixed Platforms.Build.0 = Release|Any CPU
		{88929E7B-9840-4994-A8C9-2BED3F8B9A93}.Release|x64.ActiveCfg = Release|Any CPU
		{88929E7B-9840-4994-A8C9-2BED3F8B9A93}.Release|x86.ActiveCfg = Release|Any CPU
		{E10C4259-904D-4D76-84A6-CED929034965}.Debug|Any CPU.ActiveCfg = Debug|Any CPU
		{E10C4259-904D-4D76-84A6-CED929034965}.Debug|Any CPU.Build.0 = Debug|Any CPU
		{E10C4259-904D-4D76-84A6-CED929034965}.Debug|Mixed Platforms.ActiveCfg = Debug|Any CPU
		{E10C4259-904D-4D76-84A6-CED929034965}.Debug|Mixed Platforms.Build.0 = Debug|Any CPU
		{E10C4259-904D-4D76-84A6-CED929034965}.Debug|x64.ActiveCfg = Debug|Any CPU
		{E10C4259-904D-4D76-84A6-CED929034965}.Debug|x86.ActiveCfg = Debug|x86
		{E10C4259-904D-4D76-84A6-CED929034965}.Debug|x86.Build.0 = Debug|x86
		{E10C4259-904D-4D76-84A6-CED929034965}.Release|Any CPU.ActiveCfg = Release|Any CPU
		{E10C4259-904D-4D76-84A6-CED929034965}.Release|Any CPU.Build.0 = Release|Any CPU
		{E10C4259-904D-4D76-84A6-CED929034965}.Release|Mixed Platforms.ActiveCfg = Release|Any CPU
		{E10C4259-904D-4D76-84A6-CED929034965}.Release|Mixed Platforms.Build.0 = Release|Any CPU
		{E10C4259-904D-4D76-84A6-CED929034965}.Release|x64.ActiveCfg = Release|Any CPU
		{E10C4259-904D-4D76-84A6-CED929034965}.Release|x86.ActiveCfg = Release|Any CPU
	EndGlobalSection
	GlobalSection(SolutionProperties) = preSolution
		HideSolutionNode = FALSE
	EndGlobalSection
	GlobalSection(NestedProjects) = preSolution
		{4235F059-B672-42F6-889C-54E6EE9BAC53} = {E08B6C01-721F-47CC-A936-30E2972C7895}
		{3483831F-C536-4D34-8265-43DD7CFB8F9E} = {E08B6C01-721F-47CC-A936-30E2972C7895}
		{4984CA45-9D16-4704-BDE4-C36CBE0E3104} = {E08B6C01-721F-47CC-A936-30E2972C7895}
		{9BF73423-7F54-4DE6-BFBB-E179BA454F0E} = {E08B6C01-721F-47CC-A936-30E2972C7895}
		{AD1DEB10-B0B3-44FB-8214-5E1CBBCF9147} = {E08B6C01-721F-47CC-A936-30E2972C7895}
		{E2066A80-E481-488D-A260-5C0AC9B7EFF0} = {E08B6C01-721F-47CC-A936-30E2972C7895}
		{90C4D04F-F952-4C63-8A69-0C9D12E050FB} = {E08B6C01-721F-47CC-A936-30E2972C7895}
		{0887043C-772E-4332-AF28-77FE847AB515} = {E08B6C01-721F-47CC-A936-30E2972C7895}
		{18B49FFA-D5B5-424A-BA1A-47563DAEE75F} = {E08B6C01-721F-47CC-A936-30E2972C7895}
		{D609F0A2-27E1-4855-A5B6-942E580D0D8A} = {E08B6C01-721F-47CC-A936-30E2972C7895}
		{D852F8B6-0FF8-4637-BDAA-9CD145D1AA65} = {E08B6C01-721F-47CC-A936-30E2972C7895}
		{0DA7999A-5910-41A0-A515-41E871BA68F2} = {E08B6C01-721F-47CC-A936-30E2972C7895}
		{D3EE684E-9600-460B-A3E3-39BF32180F9F} = {E08B6C01-721F-47CC-A936-30E2972C7895}
		{88929E7B-9840-4994-A8C9-2BED3F8B9A93} = {E08B6C01-721F-47CC-A936-30E2972C7895}
		{304475FA-5179-4EC7-8552-8658AAB327F0} = {9F897C3B-E34A-43F9-972E-1DE4BBE833AA}
		{371C66CE-D063-429C-81C6-287EFB93FB7A} = {9F897C3B-E34A-43F9-972E-1DE4BBE833AA}
		{221FD0B2-0AFF-4433-BCA4-5A2654432B6E} = {9F897C3B-E34A-43F9-972E-1DE4BBE833AA}
		{FDEBE9AA-9313-441A-A640-ED3E2679E2FF} = {9F897C3B-E34A-43F9-972E-1DE4BBE833AA}
		{E10C4259-904D-4D76-84A6-CED929034965} = {9F897C3B-E34A-43F9-972E-1DE4BBE833AA}
		{ED4978F3-3E53-42D9-94D9-E053DA44475B} = {16B6FEB5-77C9-4BAD-93AD-4CD04B6C17F7}
		{332943C0-716F-47B0-800D-A38CCA0DAA74} = {961360E6-BCB7-44D6-89DC-92250E45FD46}
		{7F35D01D-D57A-4A4F-911C-95E47120C004} = {961360E6-BCB7-44D6-89DC-92250E45FD46}
		{536B47C8-67B7-43D7-97E5-DB45B55A23F0} = {64ACB22B-54AA-431C-A4D9-5A0DC0BF0759}
		{35072733-2AC6-4E7A-814F-AE142A997F22} = {64ACB22B-54AA-431C-A4D9-5A0DC0BF0759}
		{2352CC85-8DC7-482E-B864-B96E1F7DC18C} = {64ACB22B-54AA-431C-A4D9-5A0DC0BF0759}
		{EBAF8D96-74A8-4D05-A2AA-C9F420DA6D0A} = {64ACB22B-54AA-431C-A4D9-5A0DC0BF0759}
	EndGlobalSection
EndGlobal
